
Microsoft Visual Studio Solution File, Format Version 12.00
# Visual Studio Version 17
VisualStudioVersion = 17.11.35327.3
MinimumVisualStudioVersion = 10.0.40219.1
Project("{9A19103F-16F7-4668-BE54-9A1E7A4F7556}") = "TestProject", "TestProject\TestProject.csproj", "{DECDCB95-4825-48FA-BE45-0391DA6397B5}"
EndProject
Global
	GlobalSection(SolutionConfigurationPlatforms) = preSolution
		Debug|Any CPU = Debug|Any CPU
		Release|Any CPU = Release|Any CPU
	EndGlobalSection
	GlobalSection(ProjectConfigurationPlatforms) = postSolution
		{DECDCB95-4825-48FA-BE45-0391DA6397B5}.Debug|Any CPU.ActiveCfg = Debug|Any CPU
		{DECDCB95-4825-48FA-BE45-0391DA6397B5}.Debug|Any CPU.Build.0 = Debug|Any CPU
		{DECDCB95-4825-48FA-BE45-0391DA6397B5}.Release|Any CPU.ActiveCfg = Release|Any CPU
		{DECDCB95-4825-48FA-BE45-0391DA6397B5}.Release|Any CPU.Build.0 = Release|Any CPU
	EndGlobalSection
	GlobalSection(SolutionProperties) = preSolution
		HideSolutionNode = FALSE
	EndGlobalSection
	GlobalSection(ExtensibilityGlobals) = postSolution
		SolutionGuid = {7309D5DA-C898-4318-B313-3D28FAA97DA1}
	EndGlobalSection
EndGlobal
